
Microsoft Visual Studio Solution File, Format Version 12.00
# Visual Studio Version 17
VisualStudioVersion = 17.14.36414.22 d17.14
MinimumVisualStudioVersion = 10.0.40219.1
Project("{2150E333-8FDC-42A3-9474-1A3956D46DE8}") = "Task0", "Task0", "{02EA681E-C7D8-13C7-8484-4AC65E1B71E8}"
EndProject
Project("{FAE04EC0-301F-11D3-BF4B-00C04F79EFBC}") = "Tyuiu.BukinTK.Sprint1.Task0.V19", "Tyuiu.BukinTK.Sprint1.Task0.V19\Tyuiu.BukinTK.Sprint1.Task0.V19.csproj", "{8DE049F4-DF2F-4CD1-9296-F3DDFAB3E2B5}"
EndProject
Project("{FAE04EC0-301F-11D3-BF4B-00C04F79EFBC}") = "Tyuiu.BukinTK.Sprint1.Task0.V19.Test", "Tyuiu.BukinTK.Sprint1.Task0.V19.Test\Tyuiu.BukinTK.Sprint1.Task0.V19.Test.csproj", "{13B2F053-868D-4E64-AE55-F0B79629A098}"
EndProject
Project("{FAE04EC0-301F-11D3-BF4B-00C04F79EFBC}") = "Tyuiu.BukinTK.Sprint1.Task0.V19.Lib", "Tyuiu.BukinTK.Sprint1.Task0.V19.Lib\Tyuiu.BukinTK.Sprint1.Task0.V19.Lib.csproj", "{ED9B596C-E442-4C70-94AE-8F31A0A0A43A}"
EndProject
Global
	GlobalSection(SolutionConfigurationPlatforms) = preSolution
		Debug|Any CPU = Debug|Any CPU
		Release|Any CPU = Release|Any CPU
	EndGlobalSection
	GlobalSection(ProjectConfigurationPlatforms) = postSolution
		{8DE049F4-DF2F-4CD1-9296-F3DDFAB3E2B5}.Debug|Any CPU.ActiveCfg = Debug|Any CPU
		{8DE049F4-DF2F-4CD1-9296-F3DDFAB3E2B5}.Debug|Any CPU.Build.0 = Debug|Any CPU
		{8DE049F4-DF2F-4CD1-9296-F3DDFAB3E2B5}.Release|Any CPU.ActiveCfg = Release|Any CPU
		{8DE049F4-DF2F-4CD1-9296-F3DDFAB3E2B5}.Release|Any CPU.Build.0 = Release|Any CPU
		{13B2F053-868D-4E64-AE55-F0B79629A098}.Debug|Any CPU.ActiveCfg = Debug|Any CPU
		{13B2F053-868D-4E64-AE55-F0B79629A098}.Debug|Any CPU.Build.0 = Debug|Any CPU
		{13B2F053-868D-4E64-AE55-F0B79629A098}.Release|Any CPU.ActiveCfg = Release|Any CPU
		{13B2F053-868D-4E64-AE55-F0B79629A098}.Release|Any CPU.Build.0 = Release|Any CPU
		{ED9B596C-E442-4C70-94AE-8F31A0A0A43A}.Debug|Any CPU.ActiveCfg = Debug|Any CPU
		{ED9B596C-E442-4C70-94AE-8F31A0A0A43A}.Debug|Any CPU.Build.0 = Debug|Any CPU
		{ED9B596C-E442-4C70-94AE-8F31A0A0A43A}.Release|Any CPU.ActiveCfg = Release|Any CPU
		{ED9B596C-E442-4C70-94AE-8F31A0A0A43A}.Release|Any CPU.Build.0 = Release|Any CPU
	EndGlobalSection
	GlobalSection(SolutionProperties) = preSolution
		HideSolutionNode = FALSE
	EndGlobalSection
	GlobalSection(NestedProjects) = preSolution
		{8DE049F4-DF2F-4CD1-9296-F3DDFAB3E2B5} = {02EA681E-C7D8-13C7-8484-4AC65E1B71E8}
		{13B2F053-868D-4E64-AE55-F0B79629A098} = {02EA681E-C7D8-13C7-8484-4AC65E1B71E8}
		{ED9B596C-E442-4C70-94AE-8F31A0A0A43A} = {02EA681E-C7D8-13C7-8484-4AC65E1B71E8}
	EndGlobalSection
	GlobalSection(ExtensibilityGlobals) = postSolution
		SolutionGuid = {FBAF38B1-3392-4073-9492-14DB5D8EE067}
	EndGlobalSection
EndGlobal
