
Microsoft Visual Studio Solution File, Format Version 12.00
# Visual Studio Version 17
VisualStudioVersion = 17.14.36414.22
MinimumVisualStudioVersion = 10.0.40219.1
Project("{2150E333-8FDC-42A3-9474-1A3956D46DE8}") = "Task0", "Task0", "{02EA681E-C7D8-13C7-8484-4AC65E1B71E8}"
EndProject
Project("{FAE04EC0-301F-11D3-BF4B-00C04F79EFBC}") = "Tyuiu.BukinTK.Sprint1.Task0.V19", "Tyuiu.BukinTK.Sprint1.Task0.V19\Tyuiu.BukinTK.Sprint1.Task0.V19.csproj", "{8DE049F4-DF2F-4CD1-9296-F3DDFAB3E2B5}"
EndProject
Project("{FAE04EC0-301F-11D3-BF4B-00C04F79EFBC}") = "Tyuiu.BukinTK.Sprint1.Task0.V19.Test", "Tyuiu.BukinTK.Sprint1.Task0.V19.Test\Tyuiu.BukinTK.Sprint1.Task0.V19.Test.csproj", "{13B2F053-868D-4E64-AE55-F0B79629A098}"
EndProject
Project("{FAE04EC0-301F-11D3-BF4B-00C04F79EFBC}") = "Tyuiu.BukinTK.Sprint1.Task0.V19.Lib", "Tyuiu.BukinTK.Sprint1.Task0.V19.Lib\Tyuiu.BukinTK.Sprint1.Task0.V19.Lib.csproj", "{ED9B596C-E442-4C70-94AE-8F31A0A0A43A}"
EndProject
Project("{2150E333-8FDC-42A3-9474-1A3956D46DE8}") = "Task1", "Task1", "{6CC6FB40-9222-4D4C-A077-7C282C327964}"
EndProject
Project("{FAE04EC0-301F-11D3-BF4B-00C04F79EFBC}") = "Tyuiu.BukinTK.Sprint1.Task1.V12", "Tyuiu.BukinTK.Sprint1.Task1.V12\Tyuiu.BukinTK.Sprint1.Task1.V12.csproj", "{97526C51-1674-4B27-B3ED-B3E57047411A}"
EndProject
Project("{FAE04EC0-301F-11D3-BF4B-00C04F79EFBC}") = "Tyuiu.BukinTK.Sprint1.Task1.V12.Lib", "Tyuiu.BukinTK.Sprint1.Task1.V12.Lib\Tyuiu.BukinTK.Sprint1.Task1.V12.Lib.csproj", "{8BCDEBCB-B462-4146-8EA2-A0CA01768607}"
EndProject
Project("{FAE04EC0-301F-11D3-BF4B-00C04F79EFBC}") = "Tyuiu.BukinTK.Sprint1.Task1.V12.Test", "Tyuiu.BukinTK.Sprint1.Task1.V12.Test\Tyuiu.BukinTK.Sprint1.Task1.V12.Test.csproj", "{31E36373-A5EE-4748-910A-61AAAA9F6A80}"
EndProject
Project("{2150E333-8FDC-42A3-9474-1A3956D46DE8}") = "Task2", "Task2", "{1144FF12-BD62-4F80-9BC2-C4539B8087E2}"
EndProject
Project("{FAE04EC0-301F-11D3-BF4B-00C04F79EFBC}") = "Tyuiu.BukinTK.Sprint1.Task2.V18", "Tyuiu.BukinTK.Sprint1.Task2.V18\Tyuiu.BukinTK.Sprint1.Task2.V18.csproj", "{5FF18EBA-68FF-434B-BE29-80C2687596B2}"
EndProject
Project("{FAE04EC0-301F-11D3-BF4B-00C04F79EFBC}") = "Tyuiu.BukinTK.Sprint1.Task2.V18.Test", "Tyuiu.BukinTK.Sprint1.Task2.V18.Test\Tyuiu.BukinTK.Sprint1.Task2.V18.Test.csproj", "{DD1F2126-4374-4D50-969F-EB43FC8DF67C}"
EndProject
Project("{FAE04EC0-301F-11D3-BF4B-00C04F79EFBC}") = "Tyuiu.BukinTK.Sprint1.Task2.V18.Lib", "Tyuiu.BukinTK.Sprint1.Task2.V18.Lib\Tyuiu.BukinTK.Sprint1.Task2.V18.Lib.csproj", "{B712DE8D-47E2-4F8B-AFEE-E16F8EB60813}"
EndProject
Project("{2150E333-8FDC-42A3-9474-1A3956D46DE8}") = "Task3", "Task3", "{B0DA50DE-A42E-4AB2-A74E-973D24A12D42}"
EndProject
Project("{FAE04EC0-301F-11D3-BF4B-00C04F79EFBC}") = "Tyuiu.BukinTK.Sprint1.Task3.V3.Test", "Tyuiu.BukinTK.Sprint1.Task3.V3.Test\Tyuiu.BukinTK.Sprint1.Task3.V3.Test.csproj", "{F8C125B5-C447-4BA6-B321-E59145F1495E}"
EndProject
Project("{FAE04EC0-301F-11D3-BF4B-00C04F79EFBC}") = "Tyuiu.BukinTK.Sprint1.Task3.V3.Lib", "Tyuiu.BukinTK.Sprint1.Task3.V3.Lib\Tyuiu.BukinTK.Sprint1.Task3.V3.Lib.csproj", "{12D8104E-160C-48CB-A867-7593AD928CB5}"
EndProject
Project("{FAE04EC0-301F-11D3-BF4B-00C04F79EFBC}") = "Tyuiu.BukinTK.Sprint1.Task3.V3", "Tyuiu.BukinTK.Sprint1.Task3.V3\Tyuiu.BukinTK.Sprint1.Task3.V3.csproj", "{BA8A7AEB-1512-4FAB-8168-DBC3B55E0A7E}"
EndProject
Project("{2150E333-8FDC-42A3-9474-1A3956D46DE8}") = "Task4", "Task4", "{72345700-81BA-4B65-9461-8A2349B56D1D}"
EndProject
Project("{FAE04EC0-301F-11D3-BF4B-00C04F79EFBC}") = "Tyuiu.BukinTK.Sprint1.Task4.V24", "Tyuiu.BukinTK.Sprint1.Task4.V24\Tyuiu.BukinTK.Sprint1.Task4.V24.csproj", "{54980BD6-0BC1-454B-966E-866F89FAD00E}"
EndProject
Project("{FAE04EC0-301F-11D3-BF4B-00C04F79EFBC}") = "Tyuiu.BukinTK.Sprint1.Task4.V24.Lib", "Tyuiu.BukinTK.Sprint1.Task4.V24.Lib\Tyuiu.BukinTK.Sprint1.Task4.V24.Lib.csproj", "{D1077867-4E0E-451A-A346-81152539A632}"
EndProject
Project("{FAE04EC0-301F-11D3-BF4B-00C04F79EFBC}") = "Tyuiu.BukinTK.Sprint1.Task4.V24.Test", "Tyuiu.BukinTK.Sprint1.Task4.V24.Test\Tyuiu.BukinTK.Sprint1.Task4.V24.Test.csproj", "{758415B6-E676-4B38-8814-B4F0DF9EBB53}"
EndProject
Global
	GlobalSection(SolutionConfigurationPlatforms) = preSolution
		Debug|Any CPU = Debug|Any CPU
		Release|Any CPU = Release|Any CPU
	EndGlobalSection
	GlobalSection(ProjectConfigurationPlatforms) = postSolution
		{8DE049F4-DF2F-4CD1-9296-F3DDFAB3E2B5}.Debug|Any CPU.ActiveCfg = Debug|Any CPU
		{8DE049F4-DF2F-4CD1-9296-F3DDFAB3E2B5}.Debug|Any CPU.Build.0 = Debug|Any CPU
		{8DE049F4-DF2F-4CD1-9296-F3DDFAB3E2B5}.Release|Any CPU.ActiveCfg = Release|Any CPU
		{8DE049F4-DF2F-4CD1-9296-F3DDFAB3E2B5}.Release|Any CPU.Build.0 = Release|Any CPU
		{13B2F053-868D-4E64-AE55-F0B79629A098}.Debug|Any CPU.ActiveCfg = Debug|Any CPU
		{13B2F053-868D-4E64-AE55-F0B79629A098}.Debug|Any CPU.Build.0 = Debug|Any CPU
		{13B2F053-868D-4E64-AE55-F0B79629A098}.Release|Any CPU.ActiveCfg = Release|Any CPU
		{13B2F053-868D-4E64-AE55-F0B79629A098}.Release|Any CPU.Build.0 = Release|Any CPU
		{ED9B596C-E442-4C70-94AE-8F31A0A0A43A}.Debug|Any CPU.ActiveCfg = Debug|Any CPU
		{ED9B596C-E442-4C70-94AE-8F31A0A0A43A}.Debug|Any CPU.Build.0 = Debug|Any CPU
		{ED9B596C-E442-4C70-94AE-8F31A0A0A43A}.Release|Any CPU.ActiveCfg = Release|Any CPU
		{ED9B596C-E442-4C70-94AE-8F31A0A0A43A}.Release|Any CPU.Build.0 = Release|Any CPU
		{97526C51-1674-4B27-B3ED-B3E57047411A}.Debug|Any CPU.ActiveCfg = Debug|Any CPU
		{97526C51-1674-4B27-B3ED-B3E57047411A}.Debug|Any CPU.Build.0 = Debug|Any CPU
		{97526C51-1674-4B27-B3ED-B3E57047411A}.Release|Any CPU.ActiveCfg = Release|Any CPU
		{97526C51-1674-4B27-B3ED-B3E57047411A}.Release|Any CPU.Build.0 = Release|Any CPU
		{8BCDEBCB-B462-4146-8EA2-A0CA01768607}.Debug|Any CPU.ActiveCfg = Debug|Any CPU
		{8BCDEBCB-B462-4146-8EA2-A0CA01768607}.Debug|Any CPU.Build.0 = Debug|Any CPU
		{8BCDEBCB-B462-4146-8EA2-A0CA01768607}.Release|Any CPU.ActiveCfg = Release|Any CPU
		{8BCDEBCB-B462-4146-8EA2-A0CA01768607}.Release|Any CPU.Build.0 = Release|Any CPU
		{31E36373-A5EE-4748-910A-61AAAA9F6A80}.Debug|Any CPU.ActiveCfg = Debug|Any CPU
		{31E36373-A5EE-4748-910A-61AAAA9F6A80}.Debug|Any CPU.Build.0 = Debug|Any CPU
		{31E36373-A5EE-4748-910A-61AAAA9F6A80}.Release|Any CPU.ActiveCfg = Release|Any CPU
		{31E36373-A5EE-4748-910A-61AAAA9F6A80}.Release|Any CPU.Build.0 = Release|Any CPU
		{5FF18EBA-68FF-434B-BE29-80C2687596B2}.Debug|Any CPU.ActiveCfg = Debug|Any CPU
		{5FF18EBA-68FF-434B-BE29-80C2687596B2}.Debug|Any CPU.Build.0 = Debug|Any CPU
		{5FF18EBA-68FF-434B-BE29-80C2687596B2}.Release|Any CPU.ActiveCfg = Release|Any CPU
		{5FF18EBA-68FF-434B-BE29-80C2687596B2}.Release|Any CPU.Build.0 = Release|Any CPU
		{DD1F2126-4374-4D50-969F-EB43FC8DF67C}.Debug|Any CPU.ActiveCfg = Debug|Any CPU
		{DD1F2126-4374-4D50-969F-EB43FC8DF67C}.Debug|Any CPU.Build.0 = Debug|Any CPU
		{DD1F2126-4374-4D50-969F-EB43FC8DF67C}.Release|Any CPU.ActiveCfg = Release|Any CPU
		{DD1F2126-4374-4D50-969F-EB43FC8DF67C}.Release|Any CPU.Build.0 = Release|Any CPU
		{B712DE8D-47E2-4F8B-AFEE-E16F8EB60813}.Debug|Any CPU.ActiveCfg = Debug|Any CPU
		{B712DE8D-47E2-4F8B-AFEE-E16F8EB60813}.Debug|Any CPU.Build.0 = Debug|Any CPU
		{B712DE8D-47E2-4F8B-AFEE-E16F8EB60813}.Release|Any CPU.ActiveCfg = Release|Any CPU
		{B712DE8D-47E2-4F8B-AFEE-E16F8EB60813}.Release|Any CPU.Build.0 = Release|Any CPU
		{F8C125B5-C447-4BA6-B321-E59145F1495E}.Debug|Any CPU.ActiveCfg = Debug|Any CPU
		{F8C125B5-C447-4BA6-B321-E59145F1495E}.Debug|Any CPU.Build.0 = Debug|Any CPU
		{F8C125B5-C447-4BA6-B321-E59145F1495E}.Release|Any CPU.ActiveCfg = Release|Any CPU
		{F8C125B5-C447-4BA6-B321-E59145F1495E}.Release|Any CPU.Build.0 = Release|Any CPU
		{12D8104E-160C-48CB-A867-7593AD928CB5}.Debug|Any CPU.ActiveCfg = Debug|Any CPU
		{12D8104E-160C-48CB-A867-7593AD928CB5}.Debug|Any CPU.Build.0 = Debug|Any CPU
		{12D8104E-160C-48CB-A867-7593AD928CB5}.Release|Any CPU.ActiveCfg = Release|Any CPU
		{12D8104E-160C-48CB-A867-7593AD928CB5}.Release|Any CPU.Build.0 = Release|Any CPU
		{BA8A7AEB-1512-4FAB-8168-DBC3B55E0A7E}.Debug|Any CPU.ActiveCfg = Debug|Any CPU
		{BA8A7AEB-1512-4FAB-8168-DBC3B55E0A7E}.Debug|Any CPU.Build.0 = Debug|Any CPU
		{BA8A7AEB-1512-4FAB-8168-DBC3B55E0A7E}.Release|Any CPU.ActiveCfg = Release|Any CPU
		{BA8A7AEB-1512-4FAB-8168-DBC3B55E0A7E}.Release|Any CPU.Build.0 = Release|Any CPU
		{54980BD6-0BC1-454B-966E-866F89FAD00E}.Debug|Any CPU.ActiveCfg = Debug|Any CPU
		{54980BD6-0BC1-454B-966E-866F89FAD00E}.Debug|Any CPU.Build.0 = Debug|Any CPU
		{54980BD6-0BC1-454B-966E-866F89FAD00E}.Release|Any CPU.ActiveCfg = Release|Any CPU
		{54980BD6-0BC1-454B-966E-866F89FAD00E}.Release|Any CPU.Build.0 = Release|Any CPU
		{D1077867-4E0E-451A-A346-81152539A632}.Debug|Any CPU.ActiveCfg = Debug|Any CPU
		{D1077867-4E0E-451A-A346-81152539A632}.Debug|Any CPU.Build.0 = Debug|Any CPU
		{D1077867-4E0E-451A-A346-81152539A632}.Release|Any CPU.ActiveCfg = Release|Any CPU
		{D1077867-4E0E-451A-A346-81152539A632}.Release|Any CPU.Build.0 = Release|Any CPU
		{758415B6-E676-4B38-8814-B4F0DF9EBB53}.Debug|Any CPU.ActiveCfg = Debug|Any CPU
		{758415B6-E676-4B38-8814-B4F0DF9EBB53}.Debug|Any CPU.Build.0 = Debug|Any CPU
		{758415B6-E676-4B38-8814-B4F0DF9EBB53}.Release|Any CPU.ActiveCfg = Release|Any CPU
		{758415B6-E676-4B38-8814-B4F0DF9EBB53}.Release|Any CPU.Build.0 = Release|Any CPU
	EndGlobalSection
	GlobalSection(SolutionProperties) = preSolution
		HideSolutionNode = FALSE
	EndGlobalSection
	GlobalSection(NestedProjects) = preSolution
		{8DE049F4-DF2F-4CD1-9296-F3DDFAB3E2B5} = {02EA681E-C7D8-13C7-8484-4AC65E1B71E8}
		{13B2F053-868D-4E64-AE55-F0B79629A098} = {02EA681E-C7D8-13C7-8484-4AC65E1B71E8}
		{ED9B596C-E442-4C70-94AE-8F31A0A0A43A} = {02EA681E-C7D8-13C7-8484-4AC65E1B71E8}
		{97526C51-1674-4B27-B3ED-B3E57047411A} = {6CC6FB40-9222-4D4C-A077-7C282C327964}
		{8BCDEBCB-B462-4146-8EA2-A0CA01768607} = {6CC6FB40-9222-4D4C-A077-7C282C327964}
		{31E36373-A5EE-4748-910A-61AAAA9F6A80} = {6CC6FB40-9222-4D4C-A077-7C282C327964}
		{5FF18EBA-68FF-434B-BE29-80C2687596B2} = {1144FF12-BD62-4F80-9BC2-C4539B8087E2}
		{DD1F2126-4374-4D50-969F-EB43FC8DF67C} = {1144FF12-BD62-4F80-9BC2-C4539B8087E2}
		{B712DE8D-47E2-4F8B-AFEE-E16F8EB60813} = {1144FF12-BD62-4F80-9BC2-C4539B8087E2}
		{F8C125B5-C447-4BA6-B321-E59145F1495E} = {B0DA50DE-A42E-4AB2-A74E-973D24A12D42}
		{12D8104E-160C-48CB-A867-7593AD928CB5} = {B0DA50DE-A42E-4AB2-A74E-973D24A12D42}
		{BA8A7AEB-1512-4FAB-8168-DBC3B55E0A7E} = {B0DA50DE-A42E-4AB2-A74E-973D24A12D42}
		{54980BD6-0BC1-454B-966E-866F89FAD00E} = {72345700-81BA-4B65-9461-8A2349B56D1D}
		{D1077867-4E0E-451A-A346-81152539A632} = {72345700-81BA-4B65-9461-8A2349B56D1D}
		{758415B6-E676-4B38-8814-B4F0DF9EBB53} = {72345700-81BA-4B65-9461-8A2349B56D1D}
	EndGlobalSection
	GlobalSection(ExtensibilityGlobals) = postSolution
		SolutionGuid = {FBAF38B1-3392-4073-9492-14DB5D8EE067}
	EndGlobalSection
EndGlobal
